
Microsoft Visual Studio Solution File, Format Version 12.00
# Visual Studio Version 17
VisualStudioVersion = 17.11.35222.181
MinimumVisualStudioVersion = 10.0.40219.1
Project("{FAE04EC0-301F-11D3-BF4B-00C04F79EFBC}") = "ConsoleApp3", "ConsoleApp3\ConsoleApp3.csproj", "{E33964FB-F2C0-4844-B1E9-956073535DE6}"
EndProject
Project("{FAE04EC0-301F-11D3-BF4B-00C04F79EFBC}") = "DoublyLinkedListLibrary", "DoublyLinkedListLibrary\DoublyLinkedListLibrary.csproj", "{2A56DF2D-F3C3-48B0-BD64-D69278D71F90}"
EndProject
Project("{2150E333-8FDC-42A3-9474-1A3956D46DE8}") = "Звіт", "Звіт", "{39947B3A-5A35-4DDC-AB50-16FBD09C5953}"
	ProjectSection(SolutionItems) = preProject
		E:\Университет\учеба\2 семестр\Основи програмування\Лабораторна робота 7\Звіт до лабораторної роботи 7.pdf = E:\Университет\учеба\2 семестр\Основи програмування\Лабораторна робота 7\Звіт до лабораторної роботи 7.pdf
	EndProjectSection
EndProject
Global
	GlobalSection(SolutionConfigurationPlatforms) = preSolution
		Debug|Any CPU = Debug|Any CPU
		Release|Any CPU = Release|Any CPU
	EndGlobalSection
	GlobalSection(ProjectConfigurationPlatforms) = postSolution
		{E33964FB-F2C0-4844-B1E9-956073535DE6}.Debug|Any CPU.ActiveCfg = Debug|Any CPU
		{E33964FB-F2C0-4844-B1E9-956073535DE6}.Debug|Any CPU.Build.0 = Debug|Any CPU
		{E33964FB-F2C0-4844-B1E9-956073535DE6}.Release|Any CPU.ActiveCfg = Release|Any CPU
		{E33964FB-F2C0-4844-B1E9-956073535DE6}.Release|Any CPU.Build.0 = Release|Any CPU
		{2A56DF2D-F3C3-48B0-BD64-D69278D71F90}.Debug|Any CPU.ActiveCfg = Debug|Any CPU
		{2A56DF2D-F3C3-48B0-BD64-D69278D71F90}.Debug|Any CPU.Build.0 = Debug|Any CPU
		{2A56DF2D-F3C3-48B0-BD64-D69278D71F90}.Release|Any CPU.ActiveCfg = Release|Any CPU
		{2A56DF2D-F3C3-48B0-BD64-D69278D71F90}.Release|Any CPU.Build.0 = Release|Any CPU
	EndGlobalSection
	GlobalSection(SolutionProperties) = preSolution
		HideSolutionNode = FALSE
	EndGlobalSection
	GlobalSection(ExtensibilityGlobals) = postSolution
		SolutionGuid = {21817171-E38F-4B69-819C-F275ED8E32E9}
	EndGlobalSection
EndGlobal
